
Microsoft Visual Studio Solution File, Format Version 12.00
# Visual Studio Version 17
VisualStudioVersion = 17.14.36408.4 d17.14
MinimumVisualStudioVersion = 10.0.40219.1
Project("{8BC9CEB8-8B4A-11D0-8D11-00A0C91BC942}") = "CUDA_Basic", "CUDA_Basic.vcxproj", "{F506A26A-086A-984D-2581-C0F4D5541AEE}"
EndProject
Global
	GlobalSection(SolutionConfigurationPlatforms) = preSolution
		Debug|x64 = Debug|x64
		Release|x64 = Release|x64
	EndGlobalSection
	GlobalSection(ProjectConfigurationPlatforms) = postSolution
		{F506A26A-086A-984D-2581-C0F4D5541AEE}.Debug|x64.ActiveCfg = Debug|x64
		{F506A26A-086A-984D-2581-C0F4D5541AEE}.Debug|x64.Build.0 = Debug|x64
		{F506A26A-086A-984D-2581-C0F4D5541AEE}.Release|x64.ActiveCfg = Release|x64
		{F506A26A-086A-984D-2581-C0F4D5541AEE}.Release|x64.Build.0 = Release|x64
	EndGlobalSection
	GlobalSection(SolutionProperties) = preSolution
		HideSolutionNode = FALSE
	EndGlobalSection
	GlobalSection(ExtensibilityGlobals) = postSolution
		SolutionGuid = {48017C9F-C773-4BDE-9E76-557662FB3AB3}
	EndGlobalSection
EndGlobal
